
Microsoft Visual Studio Solution File, Format Version 12.00
# Visual Studio Version 17
VisualStudioVersion = 17.0.31919.166
MinimumVisualStudioVersion = 10.0.40219.1
Project("{9A19103F-16F7-4668-BE54-9A1E7A4F7556}") = "Segmenter", "src\Segmenter\Segmenter.csproj", "{5068EA95-FAB1-401E-A335-D5BE0B34853A}"
EndProject
Project("{9A19103F-16F7-4668-BE54-9A1E7A4F7556}") = "Analyser", "src\Analyser\Analyser.csproj", "{FF840632-F34F-415F-AC82-18F203E8A7E3}"
EndProject
Project("{9A19103F-16F7-4668-BE54-9A1E7A4F7556}") = "Segmenter.Cli", "src\Segmenter.Cli\Segmenter.Cli.csproj", "{333D7231-B4F9-4FD3-9B3A-AD99FAB0B188}"
EndProject
Project("{9A19103F-16F7-4668-BE54-9A1E7A4F7556}") = "Segmenter.Tests", "test\Segmenter.Tests\Segmenter.Tests.csproj", "{7D305FBB-ECC9-49A1-B31D-77BBD61983FD}"
EndProject
Global
	GlobalSection(SolutionConfigurationPlatforms) = preSolution
		Debug|Any CPU = Debug|Any CPU
		Release|Any CPU = Release|Any CPU
	EndGlobalSection
	GlobalSection(ProjectConfigurationPlatforms) = postSolution
		{5068EA95-FAB1-401E-A335-D5BE0B34853A}.Debug|Any CPU.ActiveCfg = Debug|Any CPU
		{5068EA95-FAB1-401E-A335-D5BE0B34853A}.Debug|Any CPU.Build.0 = Debug|Any CPU
		{5068EA95-FAB1-401E-A335-D5BE0B34853A}.Release|Any CPU.ActiveCfg = Release|Any CPU
		{5068EA95-FAB1-401E-A335-D5BE0B34853A}.Release|Any CPU.Build.0 = Release|Any CPU
		{FF840632-F34F-415F-AC82-18F203E8A7E3}.Debug|Any CPU.ActiveCfg = Debug|Any CPU
		{FF840632-F34F-415F-AC82-18F203E8A7E3}.Debug|Any CPU.Build.0 = Debug|Any CPU
		{FF840632-F34F-415F-AC82-18F203E8A7E3}.Release|Any CPU.ActiveCfg = Release|Any CPU
		{FF840632-F34F-415F-AC82-18F203E8A7E3}.Release|Any CPU.Build.0 = Release|Any CPU
		{333D7231-B4F9-4FD3-9B3A-AD99FAB0B188}.Debug|Any CPU.ActiveCfg = Debug|Any CPU
		{333D7231-B4F9-4FD3-9B3A-AD99FAB0B188}.Debug|Any CPU.Build.0 = Debug|Any CPU
		{333D7231-B4F9-4FD3-9B3A-AD99FAB0B188}.Release|Any CPU.ActiveCfg = Release|Any CPU
		{333D7231-B4F9-4FD3-9B3A-AD99FAB0B188}.Release|Any CPU.Build.0 = Release|Any CPU
		{7D305FBB-ECC9-49A1-B31D-77BBD61983FD}.Debug|Any CPU.ActiveCfg = Debug|Any CPU
		{7D305FBB-ECC9-49A1-B31D-77BBD61983FD}.Debug|Any CPU.Build.0 = Debug|Any CPU
		{7D305FBB-ECC9-49A1-B31D-77BBD61983FD}.Release|Any CPU.ActiveCfg = Release|Any CPU
		{7D305FBB-ECC9-49A1-B31D-77BBD61983FD}.Release|Any CPU.Build.0 = Release|Any CPU
	EndGlobalSection
	GlobalSection(SolutionProperties) = preSolution
		HideSolutionNode = FALSE
	EndGlobalSection
	GlobalSection(ExtensibilityGlobals) = postSolution
		SolutionGuid = {73FC0996-DF29-46D5-83DA-E386BDEDC46C}
	EndGlobalSection
EndGlobal
